// !$*UTF8*$!
{
	archiveVersion = 1;
	classes = {
	};
	objectVersion = 56;
	objects = {

/* Begin PBXBuildFile section */
		C8248FC12B0BA2F700ABFF2F /* RecipesSerachResults.swift in Sources */ = {isa = PBXBuildFile; fileRef = C8248FC02B0BA2F700ABFF2F /* RecipesSerachResults.swift */; };
		C8248FC72B0BAC0000ABFF2F /* RecipesSearchSuggestions.swift in Sources */ = {isa = PBXBuildFile; fileRef = C8248FC62B0BAC0000ABFF2F /* RecipesSearchSuggestions.swift */; };
		C8248FC92B0BB47200ABFF2F /* SearchView.swift in Sources */ = {isa = PBXBuildFile; fileRef = C8248FC82B0BB47200ABFF2F /* SearchView.swift */; };
		C862BDA72B0E42E80091B19B /* RecipeCardView.swift in Sources */ = {isa = PBXBuildFile; fileRef = C862BDA62B0E42E80091B19B /* RecipeCardView.swift */; };
		C862BDA92B0E4A0C0091B19B /* TestingContainers.swift in Sources */ = {isa = PBXBuildFile; fileRef = C862BDA82B0E4A0C0091B19B /* TestingContainers.swift */; };
		C862BDB42B0E5B2F0091B19B /* Models.swift in Sources */ = {isa = PBXBuildFile; fileRef = C862BDB32B0E5B2F0091B19B /* Models.swift */; };
		C8DA011D2B0284D500A1311B /* NC1_SwiftDataApp.swift in Sources */ = {isa = PBXBuildFile; fileRef = C8DA011C2B0284D500A1311B /* NC1_SwiftDataApp.swift */; };
		C8DA01232B0284D600A1311B /* Assets.xcassets in Resources */ = {isa = PBXBuildFile; fileRef = C8DA01222B0284D600A1311B /* Assets.xcassets */; };
		C8DA01262B0284D600A1311B /* Preview Assets.xcassets in Resources */ = {isa = PBXBuildFile; fileRef = C8DA01252B0284D600A1311B /* Preview Assets.xcassets */; };
		C8DA01302B0284D600A1311B /* NC1_SwiftDataTests.swift in Sources */ = {isa = PBXBuildFile; fileRef = C8DA012F2B0284D600A1311B /* NC1_SwiftDataTests.swift */; };
		C8DA013A2B0284D600A1311B /* NC1_SwiftDataUITests.swift in Sources */ = {isa = PBXBuildFile; fileRef = C8DA01392B0284D600A1311B /* NC1_SwiftDataUITests.swift */; };
		C8DA013C2B0284D600A1311B /* NC1_SwiftDataUITestsLaunchTests.swift in Sources */ = {isa = PBXBuildFile; fileRef = C8DA013B2B0284D600A1311B /* NC1_SwiftDataUITestsLaunchTests.swift */; };
		C8DA014B2B0288F100A1311B /* RecipesView.swift in Sources */ = {isa = PBXBuildFile; fileRef = C8DA014A2B0288F100A1311B /* RecipesView.swift */; };
/* End PBXBuildFile section */

/* Begin PBXContainerItemProxy section */
		C8DA012C2B0284D600A1311B /* PBXContainerItemProxy */ = {
			isa = PBXContainerItemProxy;
			containerPortal = C8DA01112B0284D500A1311B /* Project object */;
			proxyType = 1;
			remoteGlobalIDString = C8DA01182B0284D500A1311B;
			remoteInfo = NC1_SwiftData;
		};
		C8DA01362B0284D600A1311B /* PBXContainerItemProxy */ = {
			isa = PBXContainerItemProxy;
			containerPortal = C8DA01112B0284D500A1311B /* Project object */;
			proxyType = 1;
			remoteGlobalIDString = C8DA01182B0284D500A1311B;
			remoteInfo = NC1_SwiftData;
		};
/* End PBXContainerItemProxy section */

/* Begin PBXFileReference section */
		C8248FC02B0BA2F700ABFF2F /* RecipesSerachResults.swift */ = {isa = PBXFileReference; lastKnownFileType = sourcecode.swift; path = RecipesSerachResults.swift; sourceTree = "<group>"; };
		C8248FC62B0BAC0000ABFF2F /* RecipesSearchSuggestions.swift */ = {isa = PBXFileReference; lastKnownFileType = sourcecode.swift; path = RecipesSearchSuggestions.swift; sourceTree = "<group>"; };
		C8248FC82B0BB47200ABFF2F /* SearchView.swift */ = {isa = PBXFileReference; lastKnownFileType = sourcecode.swift; path = SearchView.swift; sourceTree = "<group>"; };
		C862BDA62B0E42E80091B19B /* RecipeCardView.swift */ = {isa = PBXFileReference; lastKnownFileType = sourcecode.swift; path = RecipeCardView.swift; sourceTree = "<group>"; };
		C862BDA82B0E4A0C0091B19B /* TestingContainers.swift */ = {isa = PBXFileReference; lastKnownFileType = sourcecode.swift; path = TestingContainers.swift; sourceTree = "<group>"; };
		C862BDB32B0E5B2F0091B19B /* Models.swift */ = {isa = PBXFileReference; lastKnownFileType = sourcecode.swift; path = Models.swift; sourceTree = "<group>"; };
		C8DA01192B0284D500A1311B /* NC1_SwiftData.app */ = {isa = PBXFileReference; explicitFileType = wrapper.application; includeInIndex = 0; path = NC1_SwiftData.app; sourceTree = BUILT_PRODUCTS_DIR; };
		C8DA011C2B0284D500A1311B /* NC1_SwiftDataApp.swift */ = {isa = PBXFileReference; lastKnownFileType = sourcecode.swift; path = NC1_SwiftDataApp.swift; sourceTree = "<group>"; };
		C8DA01222B0284D600A1311B /* Assets.xcassets */ = {isa = PBXFileReference; lastKnownFileType = folder.assetcatalog; path = Assets.xcassets; sourceTree = "<group>"; };
		C8DA01252B0284D600A1311B /* Preview Assets.xcassets */ = {isa = PBXFileReference; lastKnownFileType = folder.assetcatalog; path = "Preview Assets.xcassets"; sourceTree = "<group>"; };
		C8DA012B2B0284D600A1311B /* NC1_SwiftDataTests.xctest */ = {isa = PBXFileReference; explicitFileType = wrapper.cfbundle; includeInIndex = 0; path = NC1_SwiftDataTests.xctest; sourceTree = BUILT_PRODUCTS_DIR; };
		C8DA012F2B0284D600A1311B /* NC1_SwiftDataTests.swift */ = {isa = PBXFileReference; lastKnownFileType = sourcecode.swift; path = NC1_SwiftDataTests.swift; sourceTree = "<group>"; };
		C8DA01352B0284D600A1311B /* NC1_SwiftDataUITests.xctest */ = {isa = PBXFileReference; explicitFileType = wrapper.cfbundle; includeInIndex = 0; path = NC1_SwiftDataUITests.xctest; sourceTree = BUILT_PRODUCTS_DIR; };
		C8DA01392B0284D600A1311B /* NC1_SwiftDataUITests.swift */ = {isa = PBXFileReference; lastKnownFileType = sourcecode.swift; path = NC1_SwiftDataUITests.swift; sourceTree = "<group>"; };
		C8DA013B2B0284D600A1311B /* NC1_SwiftDataUITestsLaunchTests.swift */ = {isa = PBXFileReference; lastKnownFileType = sourcecode.swift; path = NC1_SwiftDataUITestsLaunchTests.swift; sourceTree = "<group>"; };
		C8DA014A2B0288F100A1311B /* RecipesView.swift */ = {isa = PBXFileReference; lastKnownFileType = sourcecode.swift; path = RecipesView.swift; sourceTree = "<group>"; };
/* End PBXFileReference section */

/* Begin PBXFrameworksBuildPhase section */
		C8DA01162B0284D500A1311B /* Frameworks */ = {
			isa = PBXFrameworksBuildPhase;
			buildActionMask = 2147483647;
			files = (
			);
			runOnlyForDeploymentPostprocessing = 0;
		};
		C8DA01282B0284D600A1311B /* Frameworks */ = {
			isa = PBXFrameworksBuildPhase;
			buildActionMask = 2147483647;
			files = (
			);
			runOnlyForDeploymentPostprocessing = 0;
		};
		C8DA01322B0284D600A1311B /* Frameworks */ = {
			isa = PBXFrameworksBuildPhase;
			buildActionMask = 2147483647;
			files = (
			);
			runOnlyForDeploymentPostprocessing = 0;
		};
/* End PBXFrameworksBuildPhase section */

/* Begin PBXGroup section */
		C8DA01102B0284D500A1311B = {
			isa = PBXGroup;
			children = (
				C8DA011B2B0284D500A1311B /* NC1_SwiftData */,
				C8DA012E2B0284D600A1311B /* NC1_SwiftDataTests */,
				C8DA01382B0284D600A1311B /* NC1_SwiftDataUITests */,
				C8DA011A2B0284D500A1311B /* Products */,
			);
			sourceTree = "<group>";
		};
		C8DA011A2B0284D500A1311B /* Products */ = {
			isa = PBXGroup;
			children = (
				C8DA01192B0284D500A1311B /* NC1_SwiftData.app */,
				C8DA012B2B0284D600A1311B /* NC1_SwiftDataTests.xctest */,
				C8DA01352B0284D600A1311B /* NC1_SwiftDataUITests.xctest */,
			);
			name = Products;
			sourceTree = "<group>";
		};
		C8DA011B2B0284D500A1311B /* NC1_SwiftData */ = {
			isa = PBXGroup;
			children = (
				C8DA011C2B0284D500A1311B /* NC1_SwiftDataApp.swift */,
				C8DA014A2B0288F100A1311B /* RecipesView.swift */,
				C8248FC82B0BB47200ABFF2F /* SearchView.swift */,
				C862BDA62B0E42E80091B19B /* RecipeCardView.swift */,
				C862BDA82B0E4A0C0091B19B /* TestingContainers.swift */,
				C8248FC02B0BA2F700ABFF2F /* RecipesSerachResults.swift */,
				C8248FC62B0BAC0000ABFF2F /* RecipesSearchSuggestions.swift */,
				C862BDB32B0E5B2F0091B19B /* Models.swift */,
				C8DA01222B0284D600A1311B /* Assets.xcassets */,
				C8DA01242B0284D600A1311B /* Preview Content */,
			);
			path = NC1_SwiftData;
			sourceTree = "<group>";
		};
		C8DA01242B0284D600A1311B /* Preview Content */ = {
			isa = PBXGroup;
			children = (
				C8DA01252B0284D600A1311B /* Preview Assets.xcassets */,
			);
			path = "Preview Content";
			sourceTree = "<group>";
		};
		C8DA012E2B0284D600A1311B /* NC1_SwiftDataTests */ = {
			isa = PBXGroup;
			children = (
				C8DA012F2B0284D600A1311B /* NC1_SwiftDataTests.swift */,
			);
			path = NC1_SwiftDataTests;
			sourceTree = "<group>";
		};
		C8DA01382B0284D600A1311B /* NC1_SwiftDataUITests */ = {
			isa = PBXGroup;
			children = (
				C8DA01392B0284D600A1311B /* NC1_SwiftDataUITests.swift */,
				C8DA013B2B0284D600A1311B /* NC1_SwiftDataUITestsLaunchTests.swift */,
			);
			path = NC1_SwiftDataUITests;
			sourceTree = "<group>";
		};
/* End PBXGroup section */

/* Begin PBXNativeTarget section */
		C8DA01182B0284D500A1311B /* NC1_SwiftData */ = {
			isa = PBXNativeTarget;
			buildConfigurationList = C8DA013F2B0284D600A1311B /* Build configuration list for PBXNativeTarget "NC1_SwiftData" */;
			buildPhases = (
				C8DA01152B0284D500A1311B /* Sources */,
				C8DA01162B0284D500A1311B /* Frameworks */,
				C8DA01172B0284D500A1311B /* Resources */,
			);
			buildRules = (
			);
			dependencies = (
			);
			name = NC1_SwiftData;
			productName = NC1_SwiftData;
			productReference = C8DA01192B0284D500A1311B /* NC1_SwiftData.app */;
			productType = "com.apple.product-type.application";
		};
		C8DA012A2B0284D600A1311B /* NC1_SwiftDataTests */ = {
			isa = PBXNativeTarget;
			buildConfigurationList = C8DA01422B0284D600A1311B /* Build configuration list for PBXNativeTarget "NC1_SwiftDataTests" */;
			buildPhases = (
				C8DA01272B0284D600A1311B /* Sources */,
				C8DA01282B0284D600A1311B /* Frameworks */,
				C8DA01292B0284D600A1311B /* Resources */,
			);
			buildRules = (
			);
			dependencies = (
				C8DA012D2B0284D600A1311B /* PBXTargetDependency */,
			);
			name = NC1_SwiftDataTests;
			productName = NC1_SwiftDataTests;
			productReference = C8DA012B2B0284D600A1311B /* NC1_SwiftDataTests.xctest */;
			productType = "com.apple.product-type.bundle.unit-test";
		};
		C8DA01342B0284D600A1311B /* NC1_SwiftDataUITests */ = {
			isa = PBXNativeTarget;
			buildConfigurationList = C8DA01452B0284D600A1311B /* Build configuration list for PBXNativeTarget "NC1_SwiftDataUITests" */;
			buildPhases = (
				C8DA01312B0284D600A1311B /* Sources */,
				C8DA01322B0284D600A1311B /* Frameworks */,
				C8DA01332B0284D600A1311B /* Resources */,
			);
			buildRules = (
			);
			dependencies = (
				C8DA01372B0284D600A1311B /* PBXTargetDependency */,
			);
			name = NC1_SwiftDataUITests;
			productName = NC1_SwiftDataUITests;
			productReference = C8DA01352B0284D600A1311B /* NC1_SwiftDataUITests.xctest */;
			productType = "com.apple.product-type.bundle.ui-testing";
		};
/* End PBXNativeTarget section */

/* Begin PBXProject section */
		C8DA01112B0284D500A1311B /* Project object */ = {
			isa = PBXProject;
			attributes = {
				BuildIndependentTargetsInParallel = 1;
				LastSwiftUpdateCheck = 1500;
				LastUpgradeCheck = 1500;
				TargetAttributes = {
					C8DA01182B0284D500A1311B = {
						CreatedOnToolsVersion = 15.0.1;
					};
					C8DA012A2B0284D600A1311B = {
						CreatedOnToolsVersion = 15.0.1;
						TestTargetID = C8DA01182B0284D500A1311B;
					};
					C8DA01342B0284D600A1311B = {
						CreatedOnToolsVersion = 15.0.1;
						TestTargetID = C8DA01182B0284D500A1311B;
					};
				};
			};
			buildConfigurationList = C8DA01142B0284D500A1311B /* Build configuration list for PBXProject "NC1_SwiftData" */;
			compatibilityVersion = "Xcode 14.0";
			developmentRegion = en;
			hasScannedForEncodings = 0;
			knownRegions = (
				en,
				Base,
			);
			mainGroup = C8DA01102B0284D500A1311B;
			productRefGroup = C8DA011A2B0284D500A1311B /* Products */;
			projectDirPath = "";
			projectRoot = "";
			targets = (
				C8DA01182B0284D500A1311B /* NC1_SwiftData */,
				C8DA012A2B0284D600A1311B /* NC1_SwiftDataTests */,
				C8DA01342B0284D600A1311B /* NC1_SwiftDataUITests */,
			);
		};
/* End PBXProject section */

/* Begin PBXResourcesBuildPhase section */
		C8DA01172B0284D500A1311B /* Resources */ = {
			isa = PBXResourcesBuildPhase;
			buildActionMask = 2147483647;
			files = (
				C8DA01262B0284D600A1311B /* Preview Assets.xcassets in Resources */,
				C8DA01232B0284D600A1311B /* Assets.xcassets in Resources */,
			);
			runOnlyForDeploymentPostprocessing = 0;
		};
		C8DA01292B0284D600A1311B /* Resources */ = {
			isa = PBXResourcesBuildPhase;
			buildActionMask = 2147483647;
			files = (
			);
			runOnlyForDeploymentPostprocessing = 0;
		};
		C8DA01332B0284D600A1311B /* Resources */ = {
			isa = PBXResourcesBuildPhase;
			buildActionMask = 2147483647;
			files = (
			);
			runOnlyForDeploymentPostprocessing = 0;
		};
/* End PBXResourcesBuildPhase section */

/* Begin PBXSourcesBuildPhase section */
		C8DA01152B0284D500A1311B /* Sources */ = {
			isa = PBXSourcesBuildPhase;
			buildActionMask = 2147483647;
			files = (
				C862BDA72B0E42E80091B19B /* RecipeCardView.swift in Sources */,
				C8248FC12B0BA2F700ABFF2F /* RecipesSerachResults.swift in Sources */,
				C8DA014B2B0288F100A1311B /* RecipesView.swift in Sources */,
				C8DA011D2B0284D500A1311B /* NC1_SwiftDataApp.swift in Sources */,
				C8248FC72B0BAC0000ABFF2F /* RecipesSearchSuggestions.swift in Sources */,
				C8248FC92B0BB47200ABFF2F /* SearchView.swift in Sources */,
				C862BDB42B0E5B2F0091B19B /* Models.swift in Sources */,
				C862BDA92B0E4A0C0091B19B /* TestingContainers.swift in Sources */,
			);
			runOnlyForDeploymentPostprocessing = 0;
		};
		C8DA01272B0284D600A1311B /* Sources */ = {
			isa = PBXSourcesBuildPhase;
			buildActionMask = 2147483647;
			files = (
				C8DA01302B0284D600A1311B /* NC1_SwiftDataTests.swift in Sources */,
			);
			runOnlyForDeploymentPostprocessing = 0;
		};
		C8DA01312B0284D600A1311B /* Sources */ = {
			isa = PBXSourcesBuildPhase;
			buildActionMask = 2147483647;
			files = (
				C8DA013A2B0284D600A1311B /* NC1_SwiftDataUITests.swift in Sources */,
				C8DA013C2B0284D600A1311B /* NC1_SwiftDataUITestsLaunchTests.swift in Sources */,
			);
			runOnlyForDeploymentPostprocessing = 0;
		};
/* End PBXSourcesBuildPhase section */

/* Begin PBXTargetDependency section */
		C8DA012D2B0284D600A1311B /* PBXTargetDependency */ = {
			isa = PBXTargetDependency;
			target = C8DA01182B0284D500A1311B /* NC1_SwiftData */;
			targetProxy = C8DA012C2B0284D600A1311B /* PBXContainerItemProxy */;
		};
		C8DA01372B0284D600A1311B /* PBXTargetDependency */ = {
			isa = PBXTargetDependency;
			target = C8DA01182B0284D500A1311B /* NC1_SwiftData */;
			targetProxy = C8DA01362B0284D600A1311B /* PBXContainerItemProxy */;
		};
/* End PBXTargetDependency section */

/* Begin XCBuildConfiguration section */
		C8DA013D2B0284D600A1311B /* Debug */ = {
			isa = XCBuildConfiguration;
			buildSettings = {
				ALWAYS_SEARCH_USER_PATHS = NO;
				ASSETCATALOG_COMPILER_GENERATE_SWIFT_ASSET_SYMBOL_EXTENSIONS = YES;
				CLANG_ANALYZER_NONNULL = YES;
				CLANG_ANALYZER_NUMBER_OBJECT_CONVERSION = YES_AGGRESSIVE;
				CLANG_CXX_LANGUAGE_STANDARD = "gnu++20";
				CLANG_ENABLE_MODULES = YES;
				CLANG_ENABLE_OBJC_ARC = YES;
				CLANG_ENABLE_OBJC_WEAK = YES;
				CLANG_WARN_BLOCK_CAPTURE_AUTORELEASING = YES;
				CLANG_WARN_BOOL_CONVERSION = YES;
				CLANG_WARN_COMMA = YES;
				CLANG_WARN_CONSTANT_CONVERSION = YES;
				CLANG_WARN_DEPRECATED_OBJC_IMPLEMENTATIONS = YES;
				CLANG_WARN_DIRECT_OBJC_ISA_USAGE = YES_ERROR;
				CLANG_WARN_DOCUMENTATION_COMMENTS = YES;
				CLANG_WARN_EMPTY_BODY = YES;
				CLANG_WARN_ENUM_CONVERSION = YES;
				CLANG_WARN_INFINITE_RECURSION = YES;
				CLANG_WARN_INT_CONVERSION = YES;
				CLANG_WARN_NON_LITERAL_NULL_CONVERSION = YES;
				CLANG_WARN_OBJC_IMPLICIT_RETAIN_SELF = YES;
				CLANG_WARN_OBJC_LITERAL_CONVERSION = YES;
				CLANG_WARN_OBJC_ROOT_CLASS = YES_ERROR;
				CLANG_WARN_QUOTED_INCLUDE_IN_FRAMEWORK_HEADER = YES;
				CLANG_WARN_RANGE_LOOP_ANALYSIS = YES;
				CLANG_WARN_STRICT_PROTOTYPES = YES;
				CLANG_WARN_SUSPICIOUS_MOVE = YES;
				CLANG_WARN_UNGUARDED_AVAILABILITY = YES_AGGRESSIVE;
				CLANG_WARN_UNREACHABLE_CODE = YES;
				CLANG_WARN__DUPLICATE_METHOD_MATCH = YES;
				COPY_PHASE_STRIP = NO;
				DEBUG_INFORMATION_FORMAT = dwarf;
				ENABLE_STRICT_OBJC_MSGSEND = YES;
				ENABLE_TESTABILITY = YES;
				ENABLE_USER_SCRIPT_SANDBOXING = YES;
				GCC_C_LANGUAGE_STANDARD = gnu17;
				GCC_DYNAMIC_NO_PIC = NO;
				GCC_NO_COMMON_BLOCKS = YES;
				GCC_OPTIMIZATION_LEVEL = 0;
				GCC_PREPROCESSOR_DEFINITIONS = (
					"DEBUG=1",
					"$(inherited)",
				);
				GCC_WARN_64_TO_32_BIT_CONVERSION = YES;
				GCC_WARN_ABOUT_RETURN_TYPE = YES_ERROR;
				GCC_WARN_UNDECLARED_SELECTOR = YES;
				GCC_WARN_UNINITIALIZED_AUTOS = YES_AGGRESSIVE;
				GCC_WARN_UNUSED_FUNCTION = YES;
				GCC_WARN_UNUSED_VARIABLE = YES;
				IPHONEOS_DEPLOYMENT_TARGET = 17.0;
				LOCALIZATION_PREFERS_STRING_CATALOGS = YES;
				MTL_ENABLE_DEBUG_INFO = INCLUDE_SOURCE;
				MTL_FAST_MATH = YES;
				ONLY_ACTIVE_ARCH = YES;
				SDKROOT = iphoneos;
				SWIFT_ACTIVE_COMPILATION_CONDITIONS = "DEBUG $(inherited)";
				SWIFT_OPTIMIZATION_LEVEL = "-Onone";
			};
			name = Debug;
		};
		C8DA013E2B0284D600A1311B /* Release */ = {
			isa = XCBuildConfiguration;
			buildSettings = {
				ALWAYS_SEARCH_USER_PATHS = NO;
				ASSETCATALOG_COMPILER_GENERATE_SWIFT_ASSET_SYMBOL_EXTENSIONS = YES;
				CLANG_ANALYZER_NONNULL = YES;
				CLANG_ANALYZER_NUMBER_OBJECT_CONVERSION = YES_AGGRESSIVE;
				CLANG_CXX_LANGUAGE_STANDARD = "gnu++20";
				CLANG_ENABLE_MODULES = YES;
				CLANG_ENABLE_OBJC_ARC = YES;
				CLANG_ENABLE_OBJC_WEAK = YES;
				CLANG_WARN_BLOCK_CAPTURE_AUTORELEASING = YES;
				CLANG_WARN_BOOL_CONVERSION = YES;
				CLANG_WARN_COMMA = YES;
				CLANG_WARN_CONSTANT_CONVERSION = YES;
				CLANG_WARN_DEPRECATED_OBJC_IMPLEMENTATIONS = YES;
				CLANG_WARN_DIRECT_OBJC_ISA_USAGE = YES_ERROR;
				CLANG_WARN_DOCUMENTATION_COMMENTS = YES;
				CLANG_WARN_EMPTY_BODY = YES;
				CLANG_WARN_ENUM_CONVERSION = YES;
				CLANG_WARN_INFINITE_RECURSION = YES;
				CLANG_WARN_INT_CONVERSION = YES;
				CLANG_WARN_NON_LITERAL_NULL_CONVERSION = YES;
				CLANG_WARN_OBJC_IMPLICIT_RETAIN_SELF = YES;
				CLANG_WARN_OBJC_LITERAL_CONVERSION = YES;
				CLANG_WARN_OBJC_ROOT_CLASS = YES_ERROR;
				CLANG_WARN_QUOTED_INCLUDE_IN_FRAMEWORK_HEADER = YES;
				CLANG_WARN_RANGE_LOOP_ANALYSIS = YES;
				CLANG_WARN_STRICT_PROTOTYPES = YES;
				CLANG_WARN_SUSPICIOUS_MOVE = YES;
				CLANG_WARN_UNGUARDED_AVAILABILITY = YES_AGGRESSIVE;
				CLANG_WARN_UNREACHABLE_CODE = YES;
				CLANG_WARN__DUPLICATE_METHOD_MATCH = YES;
				COPY_PHASE_STRIP = NO;
				DEBUG_INFORMATION_FORMAT = "dwarf-with-dsym";
				ENABLE_NS_ASSERTIONS = NO;
				ENABLE_STRICT_OBJC_MSGSEND = YES;
				ENABLE_USER_SCRIPT_SANDBOXING = YES;
				GCC_C_LANGUAGE_STANDARD = gnu17;
				GCC_NO_COMMON_BLOCKS = YES;
				GCC_WARN_64_TO_32_BIT_CONVERSION = YES;
				GCC_WARN_ABOUT_RETURN_TYPE = YES_ERROR;
				GCC_WARN_UNDECLARED_SELECTOR = YES;
				GCC_WARN_UNINITIALIZED_AUTOS = YES_AGGRESSIVE;
				GCC_WARN_UNUSED_FUNCTION = YES;
				GCC_WARN_UNUSED_VARIABLE = YES;
				IPHONEOS_DEPLOYMENT_TARGET = 17.0;
				LOCALIZATION_PREFERS_STRING_CATALOGS = YES;
				MTL_ENABLE_DEBUG_INFO = NO;
				MTL_FAST_MATH = YES;
				SDKROOT = iphoneos;
				SWIFT_COMPILATION_MODE = wholemodule;
				VALIDATE_PRODUCT = YES;
			};
			name = Release;
		};
		C8DA01402B0284D600A1311B /* Debug */ = {
			isa = XCBuildConfiguration;
			buildSettings = {
				ASSETCATALOG_COMPILER_APPICON_NAME = AppIcon;
				ASSETCATALOG_COMPILER_GLOBAL_ACCENT_COLOR_NAME = AccentColor;
				CODE_SIGN_STYLE = Automatic;
				CURRENT_PROJECT_VERSION = 1;
				DEVELOPMENT_ASSET_PATHS = "\"NC1_SwiftData/Preview Content\"";
				DEVELOPMENT_TEAM = VBGYUNBKAG;
				ENABLE_PREVIEWS = YES;
				GENERATE_INFOPLIST_FILE = YES;
				INFOPLIST_KEY_UIApplicationSceneManifest_Generation = YES;
				INFOPLIST_KEY_UIApplicationSupportsIndirectInputEvents = YES;
				INFOPLIST_KEY_UILaunchScreen_Generation = YES;
				INFOPLIST_KEY_UISupportedInterfaceOrientations_iPad = "UIInterfaceOrientationPortrait UIInterfaceOrientationPortraitUpsideDown UIInterfaceOrientationLandscapeLeft UIInterfaceOrientationLandscapeRight";
				INFOPLIST_KEY_UISupportedInterfaceOrientations_iPhone = "UIInterfaceOrientationPortrait UIInterfaceOrientationLandscapeLeft UIInterfaceOrientationLandscapeRight";
				LD_RUNPATH_SEARCH_PATHS = (
					"$(inherited)",
					"@executable_path/Frameworks",
				);
				MARKETING_VERSION = 1.0;
				PRODUCT_BUNDLE_IDENTIFIER = "Arantza.NC1-SwiftData";
				PRODUCT_NAME = "$(TARGET_NAME)";
				SWIFT_EMIT_LOC_STRINGS = YES;
				SWIFT_VERSION = 5.0;
				TARGETED_DEVICE_FAMILY = "1,2";
			};
			name = Debug;
		};
		C8DA01412B0284D600A1311B /* Release */ = {
			isa = XCBuildConfiguration;
			buildSettings = {
				ASSETCATALOG_COMPILER_APPICON_NAME = AppIcon;
				ASSETCATALOG_COMPILER_GLOBAL_ACCENT_COLOR_NAME = AccentColor;
				CODE_SIGN_STYLE = Automatic;
				CURRENT_PROJECT_VERSION = 1;
				DEVELOPMENT_ASSET_PATHS = "\"NC1_SwiftData/Preview Content\"";
				DEVELOPMENT_TEAM = VBGYUNBKAG;
				ENABLE_PREVIEWS = YES;
				GENERATE_INFOPLIST_FILE = YES;
				INFOPLIST_KEY_UIApplicationSceneManifest_Generation = YES;
				INFOPLIST_KEY_UIApplicationSupportsIndirectInputEvents = YES;
				INFOPLIST_KEY_UILaunchScreen_Generation = YES;
				INFOPLIST_KEY_UISupportedInterfaceOrientations_iPad = "UIInterfaceOrientationPortrait UIInterfaceOrientationPortraitUpsideDown UIInterfaceOrientationLandscapeLeft UIInterfaceOrientationLandscapeRight";
				INFOPLIST_KEY_UISupportedInterfaceOrientations_iPhone = "UIInterfaceOrientationPortrait UIInterfaceOrientationLandscapeLeft UIInterfaceOrientationLandscapeRight";
				LD_RUNPATH_SEARCH_PATHS = (
					"$(inherited)",
					"@executable_path/Frameworks",
				);
				MARKETING_VERSION = 1.0;
				PRODUCT_BUNDLE_IDENTIFIER = "Arantza.NC1-SwiftData";
				PRODUCT_NAME = "$(TARGET_NAME)";
				SWIFT_EMIT_LOC_STRINGS = YES;
				SWIFT_VERSION = 5.0;
				TARGETED_DEVICE_FAMILY = "1,2";
			};
			name = Release;
		};
		C8DA01432B0284D600A1311B /* Debug */ = {
			isa = XCBuildConfiguration;
			buildSettings = {
				ALWAYS_EMBED_SWIFT_STANDARD_LIBRARIES = YES;
				BUNDLE_LOADER = "$(TEST_HOST)";
				CODE_SIGN_STYLE = Automatic;
				CURRENT_PROJECT_VERSION = 1;
				DEVELOPMENT_TEAM = VBGYUNBKAG;
				GENERATE_INFOPLIST_FILE = YES;
				IPHONEOS_DEPLOYMENT_TARGET = 17.0;
				MARKETING_VERSION = 1.0;
				PRODUCT_BUNDLE_IDENTIFIER = "Arantza.NC1-SwiftDataTests";
				PRODUCT_NAME = "$(TARGET_NAME)";
				SWIFT_EMIT_LOC_STRINGS = NO;
				SWIFT_VERSION = 5.0;
				TARGETED_DEVICE_FAMILY = "1,2";
				TEST_HOST = "$(BUILT_PRODUCTS_DIR)/NC1_SwiftData.app/$(BUNDLE_EXECUTABLE_FOLDER_PATH)/NC1_SwiftData";
			};
			name = Debug;
		};
		C8DA01442B0284D600A1311B /* Release */ = {
			isa = XCBuildConfiguration;
			buildSettings = {
				ALWAYS_EMBED_SWIFT_STANDARD_LIBRARIES = YES;
				BUNDLE_LOADER = "$(TEST_HOST)";
				CODE_SIGN_STYLE = Automatic;
				CURRENT_PROJECT_VERSION = 1;
				DEVELOPMENT_TEAM = VBGYUNBKAG;
				GENERATE_INFOPLIST_FILE = YES;
				IPHONEOS_DEPLOYMENT_TARGET = 17.0;
				MARKETING_VERSION = 1.0;
				PRODUCT_BUNDLE_IDENTIFIER = "Arantza.NC1-SwiftDataTests";
				PRODUCT_NAME = "$(TARGET_NAME)";
				SWIFT_EMIT_LOC_STRINGS = NO;
				SWIFT_VERSION = 5.0;
				TARGETED_DEVICE_FAMILY = "1,2";
				TEST_HOST = "$(BUILT_PRODUCTS_DIR)/NC1_SwiftData.app/$(BUNDLE_EXECUTABLE_FOLDER_PATH)/NC1_SwiftData";
			};
			name = Release;
		};
		C8DA01462B0284D600A1311B /* Debug */ = {
			isa = XCBuildConfiguration;
			buildSettings = {
				ALWAYS_EMBED_SWIFT_STANDARD_LIBRARIES = YES;
				CODE_SIGN_STYLE = Automatic;
				CURRENT_PROJECT_VERSION = 1;
				DEVELOPMENT_TEAM = VBGYUNBKAG;
				GENERATE_INFOPLIST_FILE = YES;
				MARKETING_VERSION = 1.0;
				PRODUCT_BUNDLE_IDENTIFIER = "Arantza.NC1-SwiftDataUITests";
				PRODUCT_NAME = "$(TARGET_NAME)";
				SWIFT_EMIT_LOC_STRINGS = NO;
				SWIFT_VERSION = 5.0;
				TARGETED_DEVICE_FAMILY = "1,2";
				TEST_TARGET_NAME = NC1_SwiftData;
			};
			name = Debug;
		};
		C8DA01472B0284D600A1311B /* Release */ = {
			isa = XCBuildConfiguration;
			buildSettings = {
				ALWAYS_EMBED_SWIFT_STANDARD_LIBRARIES = YES;
				CODE_SIGN_STYLE = Automatic;
				CURRENT_PROJECT_VERSION = 1;
				DEVELOPMENT_TEAM = VBGYUNBKAG;
				GENERATE_INFOPLIST_FILE = YES;
				MARKETING_VERSION = 1.0;
				PRODUCT_BUNDLE_IDENTIFIER = "Arantza.NC1-SwiftDataUITests";
				PRODUCT_NAME = "$(TARGET_NAME)";
				SWIFT_EMIT_LOC_STRINGS = NO;
				SWIFT_VERSION = 5.0;
				TARGETED_DEVICE_FAMILY = "1,2";
				TEST_TARGET_NAME = NC1_SwiftData;
			};
			name = Release;
		};
/* End XCBuildConfiguration section */

/* Begin XCConfigurationList section */
		C8DA01142B0284D500A1311B /* Build configuration list for PBXProject "NC1_SwiftData" */ = {
			isa = XCConfigurationList;
			buildConfigurations = (
				C8DA013D2B0284D600A1311B /* Debug */,
				C8DA013E2B0284D600A1311B /* Release */,
			);
			defaultConfigurationIsVisible = 0;
			defaultConfigurationName = Release;
		};
		C8DA013F2B0284D600A1311B /* Build configuration list for PBXNativeTarget "NC1_SwiftData" */ = {
			isa = XCConfigurationList;
			buildConfigurations = (
				C8DA01402B0284D600A1311B /* Debug */,
				C8DA01412B0284D600A1311B /* Release */,
			);
			defaultConfigurationIsVisible = 0;
			defaultConfigurationName = Release;
		};
		C8DA01422B0284D600A1311B /* Build configuration list for PBXNativeTarget "NC1_SwiftDataTests" */ = {
			isa = XCConfigurationList;
			buildConfigurations = (
				C8DA01432B0284D600A1311B /* Debug */,
				C8DA01442B0284D600A1311B /* Release */,
			);
			defaultConfigurationIsVisible = 0;
			defaultConfigurationName = Release;
		};
		C8DA01452B0284D600A1311B /* Build configuration list for PBXNativeTarget "NC1_SwiftDataUITests" */ = {
			isa = XCConfigurationList;
			buildConfigurations = (
				C8DA01462B0284D600A1311B /* Debug */,
				C8DA01472B0284D600A1311B /* Release */,
			);
			defaultConfigurationIsVisible = 0;
			defaultConfigurationName = Release;
		};
/* End XCConfigurationList section */
	};
	rootObject = C8DA01112B0284D500A1311B /* Project object */;
}
